
Microsoft Visual Studio Solution File, Format Version 12.00
# Visual Studio 15
Project("{FAE04EC0-301F-11D3-BF4B-00C04F79EFBC}") = "AStoryApiNew", "AStoryApiNew\AStoryApiNew.csproj", "{427175D5-A6EC-4990-94A0-15A9773678AF}"
EndProject
Project("{FAE04EC0-301F-11D3-BF4B-00C04F79EFBC}") = "Domain.Model", "Domain.Model\Domain.Model.csproj", "{955C5DC6-EA0A-448D-908A-8E006377F5E8}"
EndProject
Project("{FAE04EC0-301F-11D3-BF4B-00C04F79EFBC}") = "Services", "Services\Services.csproj", "{B3BE2A85-DCD7-41F3-B53D-7DBF68046843}"
EndProject
Project("{FAE04EC0-301F-11D3-BF4B-00C04F79EFBC}") = "Repository", "Repository\Repository.csproj", "{5C870D8C-4D1A-4B4D-A9DA-0CAACD390770}"
EndProject
Project("{FAE04EC0-301F-11D3-BF4B-00C04F79EFBC}") = "Common", "Common\Common.csproj", "{C659EFB6-EF7D-4959-BAC7-DB7820D8EC02}"
EndProject
Project("{FAE04EC0-301F-11D3-BF4B-00C04F79EFBC}") = "Dto.Model", "Dto.Model\Dto.Model.csproj", "{B8A867B0-DCEA-4DA9-A2C5-4F88AF423D25}"
EndProject
Project("{FAE04EC0-301F-11D3-BF4B-00C04F79EFBC}") = "Data.Entity", "Data.Entity\Data.Entity.csproj", "{B10BB474-DE1A-43BB-A1E9-567DF41CFD98}"
EndProject
Global
	GlobalSection(SolutionConfigurationPlatforms) = preSolution
		Debug|Any CPU = Debug|Any CPU
		Release|Any CPU = Release|Any CPU
	EndGlobalSection
	GlobalSection(ProjectConfigurationPlatforms) = postSolution
		{427175D5-A6EC-4990-94A0-15A9773678AF}.Debug|Any CPU.ActiveCfg = Debug|Any CPU
		{427175D5-A6EC-4990-94A0-15A9773678AF}.Debug|Any CPU.Build.0 = Debug|Any CPU
		{427175D5-A6EC-4990-94A0-15A9773678AF}.Release|Any CPU.ActiveCfg = Release|Any CPU
		{427175D5-A6EC-4990-94A0-15A9773678AF}.Release|Any CPU.Build.0 = Release|Any CPU
		{955C5DC6-EA0A-448D-908A-8E006377F5E8}.Debug|Any CPU.ActiveCfg = Debug|Any CPU
		{955C5DC6-EA0A-448D-908A-8E006377F5E8}.Debug|Any CPU.Build.0 = Debug|Any CPU
		{955C5DC6-EA0A-448D-908A-8E006377F5E8}.Release|Any CPU.ActiveCfg = Release|Any CPU
		{955C5DC6-EA0A-448D-908A-8E006377F5E8}.Release|Any CPU.Build.0 = Release|Any CPU
		{B3BE2A85-DCD7-41F3-B53D-7DBF68046843}.Debug|Any CPU.ActiveCfg = Debug|Any CPU
		{B3BE2A85-DCD7-41F3-B53D-7DBF68046843}.Debug|Any CPU.Build.0 = Debug|Any CPU
		{B3BE2A85-DCD7-41F3-B53D-7DBF68046843}.Release|Any CPU.ActiveCfg = Release|Any CPU
		{B3BE2A85-DCD7-41F3-B53D-7DBF68046843}.Release|Any CPU.Build.0 = Release|Any CPU
		{5C870D8C-4D1A-4B4D-A9DA-0CAACD390770}.Debug|Any CPU.ActiveCfg = Debug|Any CPU
		{5C870D8C-4D1A-4B4D-A9DA-0CAACD390770}.Debug|Any CPU.Build.0 = Debug|Any CPU
		{5C870D8C-4D1A-4B4D-A9DA-0CAACD390770}.Release|Any CPU.ActiveCfg = Release|Any CPU
		{5C870D8C-4D1A-4B4D-A9DA-0CAACD390770}.Release|Any CPU.Build.0 = Release|Any CPU
		{C659EFB6-EF7D-4959-BAC7-DB7820D8EC02}.Debug|Any CPU.ActiveCfg = Debug|Any CPU
		{C659EFB6-EF7D-4959-BAC7-DB7820D8EC02}.Debug|Any CPU.Build.0 = Debug|Any CPU
		{C659EFB6-EF7D-4959-BAC7-DB7820D8EC02}.Release|Any CPU.ActiveCfg = Release|Any CPU
		{C659EFB6-EF7D-4959-BAC7-DB7820D8EC02}.Release|Any CPU.Build.0 = Release|Any CPU
		{B8A867B0-DCEA-4DA9-A2C5-4F88AF423D25}.Debug|Any CPU.ActiveCfg = Debug|Any CPU
		{B8A867B0-DCEA-4DA9-A2C5-4F88AF423D25}.Debug|Any CPU.Build.0 = Debug|Any CPU
		{B8A867B0-DCEA-4DA9-A2C5-4F88AF423D25}.Release|Any CPU.ActiveCfg = Release|Any CPU
		{B8A867B0-DCEA-4DA9-A2C5-4F88AF423D25}.Release|Any CPU.Build.0 = Release|Any CPU
		{B10BB474-DE1A-43BB-A1E9-567DF41CFD98}.Debug|Any CPU.ActiveCfg = Debug|Any CPU
		{B10BB474-DE1A-43BB-A1E9-567DF41CFD98}.Debug|Any CPU.Build.0 = Debug|Any CPU
		{B10BB474-DE1A-43BB-A1E9-567DF41CFD98}.Release|Any CPU.ActiveCfg = Release|Any CPU
		{B10BB474-DE1A-43BB-A1E9-567DF41CFD98}.Release|Any CPU.Build.0 = Release|Any CPU
	EndGlobalSection
EndGlobal
